
Microsoft Visual Studio Solution File, Format Version 12.00
# Visual Studio Version 16
VisualStudioVersion = 16.0.31402.337
MinimumVisualStudioVersion = 10.0.40219.1
Project("{FAE04EC0-301F-11D3-BF4B-00C04F79EFBC}") = "Restaurant_Rater", "Restaurant_Rater\Restaurant_Rater.csproj", "{5BEB54B8-318F-4777-ADDB-DB60ED3465CC}"
EndProject
Global
	GlobalSection(SolutionConfigurationPlatforms) = preSolution
		Debug|Any CPU = Debug|Any CPU
		Release|Any CPU = Release|Any CPU
	EndGlobalSection
	GlobalSection(ProjectConfigurationPlatforms) = postSolution
		{5BEB54B8-318F-4777-ADDB-DB60ED3465CC}.Debug|Any CPU.ActiveCfg = Debug|Any CPU
		{5BEB54B8-318F-4777-ADDB-DB60ED3465CC}.Debug|Any CPU.Build.0 = Debug|Any CPU
		{5BEB54B8-318F-4777-ADDB-DB60ED3465CC}.Release|Any CPU.ActiveCfg = Release|Any CPU
		{5BEB54B8-318F-4777-ADDB-DB60ED3465CC}.Release|Any CPU.Build.0 = Release|Any CPU
	EndGlobalSection
	GlobalSection(SolutionProperties) = preSolution
		HideSolutionNode = FALSE
	EndGlobalSection
	GlobalSection(ExtensibilityGlobals) = postSolution
		SolutionGuid = {5C7E0122-5874-45CD-9BA7-E0205150472D}
	EndGlobalSection
EndGlobal
